// !$*UTF8*$!
{
	archiveVersion = 1;
	classes = {
	};
	objectVersion = 77;
	objects = {

/* Begin PBXBuildFile section */
		CE82DFB42D80FCAF006DC2B0 /* CoreData.framework in Frameworks */ = {isa = PBXBuildFile; fileRef = CE82DFB32D80FCAE006DC2B0 /* CoreData.framework */; };
/* End PBXBuildFile section */

/* Begin PBXContainerItemProxy section */
		CE5B129E2D1F3C9100B780AA /* PBXContainerItemProxy */ = {
			isa = PBXContainerItemProxy;
			containerPortal = CE5B12852D1F3C8F00B780AA /* Project object */;
			proxyType = 1;
			remoteGlobalIDString = CE5B128C2D1F3C8F00B780AA;
			remoteInfo = "How Big?";
		};
		CE5B12A82D1F3C9100B780AA /* PBXContainerItemProxy */ = {
			isa = PBXContainerItemProxy;
			containerPortal = CE5B12852D1F3C8F00B780AA /* Project object */;
			proxyType = 1;
			remoteGlobalIDString = CE5B128C2D1F3C8F00B780AA;
			remoteInfo = "How Big?";
		};
/* End PBXContainerItemProxy section */

/* Begin PBXFileReference section */
		CE5B128D2D1F3C8F00B780AA /* How Big?.app */ = {isa = PBXFileReference; explicitFileType = wrapper.application; includeInIndex = 0; path = "How Big?.app"; sourceTree = BUILT_PRODUCTS_DIR; };
		CE5B129D2D1F3C9100B780AA /* How Big?Tests.xctest */ = {isa = PBXFileReference; explicitFileType = wrapper.cfbundle; includeInIndex = 0; path = "How Big?Tests.xctest"; sourceTree = BUILT_PRODUCTS_DIR; };
		CE5B12A72D1F3C9100B780AA /* How Big?UITests.xctest */ = {isa = PBXFileReference; explicitFileType = wrapper.cfbundle; includeInIndex = 0; path = "How Big?UITests.xctest"; sourceTree = BUILT_PRODUCTS_DIR; };
		CE82DFB32D80FCAE006DC2B0 /* CoreData.framework */ = {isa = PBXFileReference; lastKnownFileType = wrapper.framework; name = CoreData.framework; path = System/Library/Frameworks/CoreData.framework; sourceTree = SDKROOT; };
/* End PBXFileReference section */

/* Begin PBXFileSystemSynchronizedBuildFileExceptionSet section */
		CEDAAD8F2DC58EC500306FED /* Exceptions for "How Big?Tests" folder in "How Big?" target */ = {
			isa = PBXFileSystemSynchronizedBuildFileExceptionSet;
			membershipExceptions = (
				How_Big_Tests.swift,
			);
			target = CE5B128C2D1F3C8F00B780AA /* How Big? */;
		};
		CEDAAD902DC58EC500306FED /* Exceptions for "How Big?Tests" folder in "How Big?Tests" target */ = {
			isa = PBXFileSystemSynchronizedBuildFileExceptionSet;
			membershipExceptions = (
				How_Big_Tests.swift,
			);
			target = CE5B129C2D1F3C9100B780AA /* How Big?Tests */;
		};
/* End PBXFileSystemSynchronizedBuildFileExceptionSet section */

/* Begin PBXFileSystemSynchronizedRootGroup section */
		CE5B128F2D1F3C8F00B780AA /* How Big? */ = {
			isa = PBXFileSystemSynchronizedRootGroup;
			path = "How Big?";
			sourceTree = "<group>";
		};
		CE5B12AA2D1F3C9100B780AA /* How Big?UITests */ = {
			isa = PBXFileSystemSynchronizedRootGroup;
			path = "How Big?UITests";
			sourceTree = "<group>";
		};
		CEDAAD8D2DC58EC500306FED /* How Big?Tests */ = {
			isa = PBXFileSystemSynchronizedRootGroup;
			exceptions = (
				CEDAAD8F2DC58EC500306FED /* Exceptions for "How Big?Tests" folder in "How Big?" target */,
				CEDAAD902DC58EC500306FED /* Exceptions for "How Big?Tests" folder in "How Big?Tests" target */,
			);
			path = "How Big?Tests";
			sourceTree = "<group>";
		};
/* End PBXFileSystemSynchronizedRootGroup section */

/* Begin PBXFrameworksBuildPhase section */
		CE5B128A2D1F3C8F00B780AA /* Frameworks */ = {
			isa = PBXFrameworksBuildPhase;
			buildActionMask = 2147483647;
			files = (
				CE82DFB42D80FCAF006DC2B0 /* CoreData.framework in Frameworks */,
			);
			runOnlyForDeploymentPostprocessing = 0;
		};
		CE5B129A2D1F3C9100B780AA /* Frameworks */ = {
			isa = PBXFrameworksBuildPhase;
			buildActionMask = 2147483647;
			files = (
			);
			runOnlyForDeploymentPostprocessing = 0;
		};
		CE5B12A42D1F3C9100B780AA /* Frameworks */ = {
			isa = PBXFrameworksBuildPhase;
			buildActionMask = 2147483647;
			files = (
			);
			runOnlyForDeploymentPostprocessing = 0;
		};
/* End PBXFrameworksBuildPhase section */

/* Begin PBXGroup section */
		CE5B12842D1F3C8F00B780AA = {
			isa = PBXGroup;
			children = (
				CE5B128F2D1F3C8F00B780AA /* How Big? */,
				CEDAAD8D2DC58EC500306FED /* How Big?Tests */,
				CE5B12AA2D1F3C9100B780AA /* How Big?UITests */,
				CE82DFB22D80FCAE006DC2B0 /* Frameworks */,
				CE5B128E2D1F3C8F00B780AA /* Products */,
			);
			sourceTree = "<group>";
		};
		CE5B128E2D1F3C8F00B780AA /* Products */ = {
			isa = PBXGroup;
			children = (
				CE5B128D2D1F3C8F00B780AA /* How Big?.app */,
				CE5B129D2D1F3C9100B780AA /* How Big?Tests.xctest */,
				CE5B12A72D1F3C9100B780AA /* How Big?UITests.xctest */,
			);
			name = Products;
			sourceTree = "<group>";
		};
		CE82DFB22D80FCAE006DC2B0 /* Frameworks */ = {
			isa = PBXGroup;
			children = (
				CE82DFB32D80FCAE006DC2B0 /* CoreData.framework */,
			);
			name = Frameworks;
			sourceTree = "<group>";
		};
/* End PBXGroup section */

/* Begin PBXNativeTarget section */
		CE5B128C2D1F3C8F00B780AA /* How Big? */ = {
			isa = PBXNativeTarget;
			buildConfigurationList = CE5B12B12D1F3C9100B780AA /* Build configuration list for PBXNativeTarget "How Big?" */;
			buildPhases = (
				CE5B12892D1F3C8F00B780AA /* Sources */,
				CE5B128A2D1F3C8F00B780AA /* Frameworks */,
				CE5B128B2D1F3C8F00B780AA /* Resources */,
			);
			buildRules = (
			);
			dependencies = (
			);
			fileSystemSynchronizedGroups = (
				CE5B128F2D1F3C8F00B780AA /* How Big? */,
				CEDAAD8D2DC58EC500306FED /* How Big?Tests */,
			);
			name = "How Big?";
			packageProductDependencies = (
			);
			productName = "How Big?";
			productReference = CE5B128D2D1F3C8F00B780AA /* How Big?.app */;
			productType = "com.apple.product-type.application";
		};
		CE5B129C2D1F3C9100B780AA /* How Big?Tests */ = {
			isa = PBXNativeTarget;
			buildConfigurationList = CE5B12B42D1F3C9100B780AA /* Build configuration list for PBXNativeTarget "How Big?Tests" */;
			buildPhases = (
				CE5B12992D1F3C9100B780AA /* Sources */,
				CE5B129A2D1F3C9100B780AA /* Frameworks */,
				CE5B129B2D1F3C9100B780AA /* Resources */,
			);
			buildRules = (
			);
			dependencies = (
				CE5B129F2D1F3C9100B780AA /* PBXTargetDependency */,
			);
			name = "How Big?Tests";
			packageProductDependencies = (
			);
			productName = "How Big?Tests";
			productReference = CE5B129D2D1F3C9100B780AA /* How Big?Tests.xctest */;
			productType = "com.apple.product-type.bundle.unit-test";
		};
		CE5B12A62D1F3C9100B780AA /* How Big?UITests */ = {
			isa = PBXNativeTarget;
			buildConfigurationList = CE5B12B72D1F3C9100B780AA /* Build configuration list for PBXNativeTarget "How Big?UITests" */;
			buildPhases = (
				CE5B12A32D1F3C9100B780AA /* Sources */,
				CE5B12A42D1F3C9100B780AA /* Frameworks */,
				CE5B12A52D1F3C9100B780AA /* Resources */,
			);
			buildRules = (
			);
			dependencies = (
				CE5B12A92D1F3C9100B780AA /* PBXTargetDependency */,
			);
			fileSystemSynchronizedGroups = (
				CE5B12AA2D1F3C9100B780AA /* How Big?UITests */,
			);
			name = "How Big?UITests";
			packageProductDependencies = (
			);
			productName = "How Big?UITests";
			productReference = CE5B12A72D1F3C9100B780AA /* How Big?UITests.xctest */;
			productType = "com.apple.product-type.bundle.ui-testing";
		};
/* End PBXNativeTarget section */

/* Begin PBXProject section */
		CE5B12852D1F3C8F00B780AA /* Project object */ = {
			isa = PBXProject;
			attributes = {
				BuildIndependentTargetsInParallel = 1;
				LastSwiftUpdateCheck = 1610;
				LastUpgradeCheck = 1610;
				TargetAttributes = {
					CE5B128C2D1F3C8F00B780AA = {
						CreatedOnToolsVersion = 16.1;
					};
					CE5B129C2D1F3C9100B780AA = {
						CreatedOnToolsVersion = 16.1;
						TestTargetID = CE5B128C2D1F3C8F00B780AA;
					};
					CE5B12A62D1F3C9100B780AA = {
						CreatedOnToolsVersion = 16.1;
						TestTargetID = CE5B128C2D1F3C8F00B780AA;
					};
				};
			};
			buildConfigurationList = CE5B12882D1F3C8F00B780AA /* Build configuration list for PBXProject "How Big?" */;
			developmentRegion = en;
			hasScannedForEncodings = 0;
			knownRegions = (
				en,
				Base,
			);
			mainGroup = CE5B12842D1F3C8F00B780AA;
			minimizedProjectReferenceProxies = 1;
			preferredProjectObjectVersion = 77;
			productRefGroup = CE5B128E2D1F3C8F00B780AA /* Products */;
			projectDirPath = "";
			projectRoot = "";
			targets = (
				CE5B128C2D1F3C8F00B780AA /* How Big? */,
				CE5B129C2D1F3C9100B780AA /* How Big?Tests */,
				CE5B12A62D1F3C9100B780AA /* How Big?UITests */,
			);
		};
/* End PBXProject section */

/* Begin PBXResourcesBuildPhase section */
		CE5B128B2D1F3C8F00B780AA /* Resources */ = {
			isa = PBXResourcesBuildPhase;
			buildActionMask = 2147483647;
			files = (
			);
			runOnlyForDeploymentPostprocessing = 0;
		};
		CE5B129B2D1F3C9100B780AA /* Resources */ = {
			isa = PBXResourcesBuildPhase;
			buildActionMask = 2147483647;
			files = (
			);
			runOnlyForDeploymentPostprocessing = 0;
		};
		CE5B12A52D1F3C9100B780AA /* Resources */ = {
			isa = PBXResourcesBuildPhase;
			buildActionMask = 2147483647;
			files = (
			);
			runOnlyForDeploymentPostprocessing = 0;
		};
/* End PBXResourcesBuildPhase section */

/* Begin PBXSourcesBuildPhase section */
		CE5B12892D1F3C8F00B780AA /* Sources */ = {
			isa = PBXSourcesBuildPhase;
			buildActionMask = 2147483647;
			files = (
			);
			runOnlyForDeploymentPostprocessing = 0;
		};
		CE5B12992D1F3C9100B780AA /* Sources */ = {
			isa = PBXSourcesBuildPhase;
			buildActionMask = 2147483647;
			files = (
			);
			runOnlyForDeploymentPostprocessing = 0;
		};
		CE5B12A32D1F3C9100B780AA /* Sources */ = {
			isa = PBXSourcesBuildPhase;
			buildActionMask = 2147483647;
			files = (
			);
			runOnlyForDeploymentPostprocessing = 0;
		};
/* End PBXSourcesBuildPhase section */

/* Begin PBXTargetDependency section */
		CE5B129F2D1F3C9100B780AA /* PBXTargetDependency */ = {
			isa = PBXTargetDependency;
			target = CE5B128C2D1F3C8F00B780AA /* How Big? */;
			targetProxy = CE5B129E2D1F3C9100B780AA /* PBXContainerItemProxy */;
		};
		CE5B12A92D1F3C9100B780AA /* PBXTargetDependency */ = {
			isa = PBXTargetDependency;
			target = CE5B128C2D1F3C8F00B780AA /* How Big? */;
			targetProxy = CE5B12A82D1F3C9100B780AA /* PBXContainerItemProxy */;
		};
/* End PBXTargetDependency section */

/* Begin XCBuildConfiguration section */
		CE5B12AF2D1F3C9100B780AA /* Debug */ = {
			isa = XCBuildConfiguration;
			buildSettings = {
				ALWAYS_SEARCH_USER_PATHS = NO;
				ASSETCATALOG_COMPILER_GENERATE_SWIFT_ASSET_SYMBOL_EXTENSIONS = YES;
				CLANG_ANALYZER_NONNULL = YES;
				CLANG_ANALYZER_NUMBER_OBJECT_CONVERSION = YES_AGGRESSIVE;
				CLANG_CXX_LANGUAGE_STANDARD = "gnu++20";
				CLANG_ENABLE_MODULES = YES;
				CLANG_ENABLE_OBJC_ARC = YES;
				CLANG_ENABLE_OBJC_WEAK = YES;
				CLANG_WARN_BLOCK_CAPTURE_AUTORELEASING = YES;
				CLANG_WARN_BOOL_CONVERSION = YES;
				CLANG_WARN_COMMA = YES;
				CLANG_WARN_CONSTANT_CONVERSION = YES;
				CLANG_WARN_DEPRECATED_OBJC_IMPLEMENTATIONS = YES;
				CLANG_WARN_DIRECT_OBJC_ISA_USAGE = YES_ERROR;
				CLANG_WARN_DOCUMENTATION_COMMENTS = YES;
				CLANG_WARN_EMPTY_BODY = YES;
				CLANG_WARN_ENUM_CONVERSION = YES;
				CLANG_WARN_INFINITE_RECURSION = YES;
				CLANG_WARN_INT_CONVERSION = YES;
				CLANG_WARN_NON_LITERAL_NULL_CONVERSION = YES;
				CLANG_WARN_OBJC_IMPLICIT_RETAIN_SELF = YES;
				CLANG_WARN_OBJC_LITERAL_CONVERSION = YES;
				CLANG_WARN_OBJC_ROOT_CLASS = YES_ERROR;
				CLANG_WARN_QUOTED_INCLUDE_IN_FRAMEWORK_HEADER = YES;
				CLANG_WARN_RANGE_LOOP_ANALYSIS = YES;
				CLANG_WARN_STRICT_PROTOTYPES = YES;
				CLANG_WARN_SUSPICIOUS_MOVE = YES;
				CLANG_WARN_UNGUARDED_AVAILABILITY = YES_AGGRESSIVE;
				CLANG_WARN_UNREACHABLE_CODE = YES;
				CLANG_WARN__DUPLICATE_METHOD_MATCH = YES;
				COPY_PHASE_STRIP = NO;
				DEBUG_INFORMATION_FORMAT = dwarf;
				ENABLE_STRICT_OBJC_MSGSEND = YES;
				ENABLE_TESTABILITY = YES;
				ENABLE_USER_SCRIPT_SANDBOXING = YES;
				GCC_C_LANGUAGE_STANDARD = gnu17;
				GCC_DYNAMIC_NO_PIC = NO;
				GCC_NO_COMMON_BLOCKS = YES;
				GCC_OPTIMIZATION_LEVEL = 0;
				GCC_PREPROCESSOR_DEFINITIONS = (
					"DEBUG=1",
					"$(inherited)",
				);
				GCC_WARN_64_TO_32_BIT_CONVERSION = YES;
				GCC_WARN_ABOUT_RETURN_TYPE = YES_ERROR;
				GCC_WARN_UNDECLARED_SELECTOR = YES;
				GCC_WARN_UNINITIALIZED_AUTOS = YES_AGGRESSIVE;
				GCC_WARN_UNUSED_FUNCTION = YES;
				GCC_WARN_UNUSED_VARIABLE = YES;
				IPHONEOS_DEPLOYMENT_TARGET = 18.1;
				LOCALIZATION_PREFERS_STRING_CATALOGS = YES;
				MTL_ENABLE_DEBUG_INFO = INCLUDE_SOURCE;
				MTL_FAST_MATH = YES;
				ONLY_ACTIVE_ARCH = YES;
				SDKROOT = iphoneos;
				SWIFT_ACTIVE_COMPILATION_CONDITIONS = "DEBUG $(inherited)";
				SWIFT_OPTIMIZATION_LEVEL = "-Onone";
			};
			name = Debug;
		};
		CE5B12B02D1F3C9100B780AA /* Release */ = {
			isa = XCBuildConfiguration;
			buildSettings = {
				ALWAYS_SEARCH_USER_PATHS = NO;
				ASSETCATALOG_COMPILER_GENERATE_SWIFT_ASSET_SYMBOL_EXTENSIONS = YES;
				CLANG_ANALYZER_NONNULL = YES;
				CLANG_ANALYZER_NUMBER_OBJECT_CONVERSION = YES_AGGRESSIVE;
				CLANG_CXX_LANGUAGE_STANDARD = "gnu++20";
				CLANG_ENABLE_MODULES = YES;
				CLANG_ENABLE_OBJC_ARC = YES;
				CLANG_ENABLE_OBJC_WEAK = YES;
				CLANG_WARN_BLOCK_CAPTURE_AUTORELEASING = YES;
				CLANG_WARN_BOOL_CONVERSION = YES;
				CLANG_WARN_COMMA = YES;
				CLANG_WARN_CONSTANT_CONVERSION = YES;
				CLANG_WARN_DEPRECATED_OBJC_IMPLEMENTATIONS = YES;
				CLANG_WARN_DIRECT_OBJC_ISA_USAGE = YES_ERROR;
				CLANG_WARN_DOCUMENTATION_COMMENTS = YES;
				CLANG_WARN_EMPTY_BODY = YES;
				CLANG_WARN_ENUM_CONVERSION = YES;
				CLANG_WARN_INFINITE_RECURSION = YES;
				CLANG_WARN_INT_CONVERSION = YES;
				CLANG_WARN_NON_LITERAL_NULL_CONVERSION = YES;
				CLANG_WARN_OBJC_IMPLICIT_RETAIN_SELF = YES;
				CLANG_WARN_OBJC_LITERAL_CONVERSION = YES;
				CLANG_WARN_OBJC_ROOT_CLASS = YES_ERROR;
				CLANG_WARN_QUOTED_INCLUDE_IN_FRAMEWORK_HEADER = YES;
				CLANG_WARN_RANGE_LOOP_ANALYSIS = YES;
				CLANG_WARN_STRICT_PROTOTYPES = YES;
				CLANG_WARN_SUSPICIOUS_MOVE = YES;
				CLANG_WARN_UNGUARDED_AVAILABILITY = YES_AGGRESSIVE;
				CLANG_WARN_UNREACHABLE_CODE = YES;
				CLANG_WARN__DUPLICATE_METHOD_MATCH = YES;
				COPY_PHASE_STRIP = NO;
				DEBUG_INFORMATION_FORMAT = "dwarf-with-dsym";
				ENABLE_NS_ASSERTIONS = NO;
				ENABLE_STRICT_OBJC_MSGSEND = YES;
				ENABLE_USER_SCRIPT_SANDBOXING = YES;
				GCC_C_LANGUAGE_STANDARD = gnu17;
				GCC_NO_COMMON_BLOCKS = YES;
				GCC_WARN_64_TO_32_BIT_CONVERSION = YES;
				GCC_WARN_ABOUT_RETURN_TYPE = YES_ERROR;
				GCC_WARN_UNDECLARED_SELECTOR = YES;
				GCC_WARN_UNINITIALIZED_AUTOS = YES_AGGRESSIVE;
				GCC_WARN_UNUSED_FUNCTION = YES;
				GCC_WARN_UNUSED_VARIABLE = YES;
				IPHONEOS_DEPLOYMENT_TARGET = 18.1;
				LOCALIZATION_PREFERS_STRING_CATALOGS = YES;
				MTL_ENABLE_DEBUG_INFO = NO;
				MTL_FAST_MATH = YES;
				SDKROOT = iphoneos;
				SWIFT_COMPILATION_MODE = wholemodule;
				VALIDATE_PRODUCT = YES;
			};
			name = Release;
		};
		CE5B12B22D1F3C9100B780AA /* Debug */ = {
			isa = XCBuildConfiguration;
			buildSettings = {
				ASSETCATALOG_COMPILER_APPICON_NAME = AppIcon;
				ASSETCATALOG_COMPILER_GLOBAL_ACCENT_COLOR_NAME = AccentColor;
				CODE_SIGN_STYLE = Automatic;
				CURRENT_PROJECT_VERSION = 1;
				DEVELOPMENT_ASSET_PATHS = "\"How Big?/Preview Content\"";
				DEVELOPMENT_TEAM = W9X826S4L7;
				ENABLE_PREVIEWS = YES;
				GENERATE_INFOPLIST_FILE = YES;
				INFOPLIST_FILE = "How-Big--Info.plist";
				INFOPLIST_KEY_CFBundleDisplayName = "How Big?";
				INFOPLIST_KEY_LSApplicationCategoryType = "public.app-category.education";
				INFOPLIST_KEY_NSCameraUsageDescription = "";
				INFOPLIST_KEY_UIApplicationSupportsIndirectInputEvents = YES;
				INFOPLIST_KEY_UILaunchScreen_Generation = YES;
				INFOPLIST_KEY_UIRequiredDeviceCapabilities = arkit;
				INFOPLIST_KEY_UIStatusBarHidden = YES;
				INFOPLIST_KEY_UISupportedInterfaceOrientations_iPad = "UIInterfaceOrientationPortrait UIInterfaceOrientationPortraitUpsideDown UIInterfaceOrientationLandscapeLeft UIInterfaceOrientationLandscapeRight";
				INFOPLIST_KEY_UISupportedInterfaceOrientations_iPhone = "UIInterfaceOrientationPortrait UIInterfaceOrientationLandscapeLeft UIInterfaceOrientationLandscapeRight";
				IPHONEOS_DEPLOYMENT_TARGET = 16.6;
				LD_RUNPATH_SEARCH_PATHS = (
					"$(inherited)",
					"@executable_path/Frameworks",
				);
				MARKETING_VERSION = 0.5;
				PRODUCT_BUNDLE_IDENTIFIER = "com.xin-apps.how-big";
				PRODUCT_NAME = "$(TARGET_NAME)";
				SUPPORTED_PLATFORMS = "iphoneos iphonesimulator";
				SUPPORTS_MACCATALYST = NO;
				SUPPORTS_XR_DESIGNED_FOR_IPHONE_IPAD = NO;
				SWIFT_EMIT_LOC_STRINGS = YES;
				SWIFT_VERSION = 5.0;
				TARGETED_DEVICE_FAMILY = "1,2";
			};
			name = Debug;
		};
		CE5B12B32D1F3C9100B780AA /* Release */ = {
			isa = XCBuildConfiguration;
			buildSettings = {
				ASSETCATALOG_COMPILER_APPICON_NAME = AppIcon;
				ASSETCATALOG_COMPILER_GLOBAL_ACCENT_COLOR_NAME = AccentColor;
				CODE_SIGN_STYLE = Automatic;
				CURRENT_PROJECT_VERSION = 1;
				DEVELOPMENT_ASSET_PATHS = "\"How Big?/Preview Content\"";
				DEVELOPMENT_TEAM = W9X826S4L7;
				ENABLE_PREVIEWS = YES;
				GENERATE_INFOPLIST_FILE = YES;
				INFOPLIST_FILE = "How-Big--Info.plist";
				INFOPLIST_KEY_CFBundleDisplayName = "How Big?";
				INFOPLIST_KEY_LSApplicationCategoryType = "public.app-category.education";
				INFOPLIST_KEY_NSCameraUsageDescription = "";
				INFOPLIST_KEY_UIApplicationSupportsIndirectInputEvents = YES;
				INFOPLIST_KEY_UILaunchScreen_Generation = YES;
				INFOPLIST_KEY_UIRequiredDeviceCapabilities = arkit;
				INFOPLIST_KEY_UIStatusBarHidden = YES;
				INFOPLIST_KEY_UISupportedInterfaceOrientations_iPad = "UIInterfaceOrientationPortrait UIInterfaceOrientationPortraitUpsideDown UIInterfaceOrientationLandscapeLeft UIInterfaceOrientationLandscapeRight";
				INFOPLIST_KEY_UISupportedInterfaceOrientations_iPhone = "UIInterfaceOrientationPortrait UIInterfaceOrientationLandscapeLeft UIInterfaceOrientationLandscapeRight";
				IPHONEOS_DEPLOYMENT_TARGET = 16.6;
				LD_RUNPATH_SEARCH_PATHS = (
					"$(inherited)",
					"@executable_path/Frameworks",
				);
				MARKETING_VERSION = 0.5;
				PRODUCT_BUNDLE_IDENTIFIER = "com.xin-apps.how-big";
				PRODUCT_NAME = "$(TARGET_NAME)";
				SUPPORTED_PLATFORMS = "iphoneos iphonesimulator";
				SUPPORTS_MACCATALYST = NO;
				SUPPORTS_XR_DESIGNED_FOR_IPHONE_IPAD = NO;
				SWIFT_EMIT_LOC_STRINGS = YES;
				SWIFT_VERSION = 5.0;
				TARGETED_DEVICE_FAMILY = "1,2";
			};
			name = Release;
		};
		CE5B12B52D1F3C9100B780AA /* Debug */ = {
			isa = XCBuildConfiguration;
			buildSettings = {
				BUNDLE_LOADER = "$(TEST_HOST)";
				CODE_SIGN_STYLE = Automatic;
				CURRENT_PROJECT_VERSION = 1;
				DEVELOPMENT_TEAM = VST2DPUV5D;
				GENERATE_INFOPLIST_FILE = YES;
				IPHONEOS_DEPLOYMENT_TARGET = 18.1;
				MARKETING_VERSION = 1.0;
				PRODUCT_BUNDLE_IDENTIFIER = "xinChen.How-Big-Tests";
				PRODUCT_NAME = "$(TARGET_NAME)";
				SWIFT_EMIT_LOC_STRINGS = NO;
				SWIFT_VERSION = 5.0;
				TARGETED_DEVICE_FAMILY = "1,2";
				TEST_HOST = "$(BUILT_PRODUCTS_DIR)/How Big?.app/$(BUNDLE_EXECUTABLE_FOLDER_PATH)/How Big?";
			};
			name = Debug;
		};
		CE5B12B62D1F3C9100B780AA /* Release */ = {
			isa = XCBuildConfiguration;
			buildSettings = {
				BUNDLE_LOADER = "$(TEST_HOST)";
				CODE_SIGN_STYLE = Automatic;
				CURRENT_PROJECT_VERSION = 1;
				DEVELOPMENT_TEAM = VST2DPUV5D;
				GENERATE_INFOPLIST_FILE = YES;
				IPHONEOS_DEPLOYMENT_TARGET = 18.1;
				MARKETING_VERSION = 1.0;
				PRODUCT_BUNDLE_IDENTIFIER = "xinChen.How-Big-Tests";
				PRODUCT_NAME = "$(TARGET_NAME)";
				SWIFT_EMIT_LOC_STRINGS = NO;
				SWIFT_VERSION = 5.0;
				TARGETED_DEVICE_FAMILY = "1,2";
				TEST_HOST = "$(BUILT_PRODUCTS_DIR)/How Big?.app/$(BUNDLE_EXECUTABLE_FOLDER_PATH)/How Big?";
			};
			name = Release;
		};
		CE5B12B82D1F3C9100B780AA /* Debug */ = {
			isa = XCBuildConfiguration;
			buildSettings = {
				CODE_SIGN_STYLE = Automatic;
				CURRENT_PROJECT_VERSION = 1;
				DEVELOPMENT_TEAM = VST2DPUV5D;
				GENERATE_INFOPLIST_FILE = YES;
				MARKETING_VERSION = 1.0;
				PRODUCT_BUNDLE_IDENTIFIER = "xinChen.How-Big-UITests";
				PRODUCT_NAME = "$(TARGET_NAME)";
				SWIFT_EMIT_LOC_STRINGS = NO;
				SWIFT_VERSION = 5.0;
				TARGETED_DEVICE_FAMILY = "1,2";
				TEST_TARGET_NAME = "How Big?";
			};
			name = Debug;
		};
		CE5B12B92D1F3C9100B780AA /* Release */ = {
			isa = XCBuildConfiguration;
			buildSettings = {
				CODE_SIGN_STYLE = Automatic;
				CURRENT_PROJECT_VERSION = 1;
				DEVELOPMENT_TEAM = VST2DPUV5D;
				GENERATE_INFOPLIST_FILE = YES;
				MARKETING_VERSION = 1.0;
				PRODUCT_BUNDLE_IDENTIFIER = "xinChen.How-Big-UITests";
				PRODUCT_NAME = "$(TARGET_NAME)";
				SWIFT_EMIT_LOC_STRINGS = NO;
				SWIFT_VERSION = 5.0;
				TARGETED_DEVICE_FAMILY = "1,2";
				TEST_TARGET_NAME = "How Big?";
			};
			name = Release;
		};
/* End XCBuildConfiguration section */

/* Begin XCConfigurationList section */
		CE5B12882D1F3C8F00B780AA /* Build configuration list for PBXProject "How Big?" */ = {
			isa = XCConfigurationList;
			buildConfigurations = (
				CE5B12AF2D1F3C9100B780AA /* Debug */,
				CE5B12B02D1F3C9100B780AA /* Release */,
			);
			defaultConfigurationIsVisible = 0;
			defaultConfigurationName = Release;
		};
		CE5B12B12D1F3C9100B780AA /* Build configuration list for PBXNativeTarget "How Big?" */ = {
			isa = XCConfigurationList;
			buildConfigurations = (
				CE5B12B22D1F3C9100B780AA /* Debug */,
				CE5B12B32D1F3C9100B780AA /* Release */,
			);
			defaultConfigurationIsVisible = 0;
			defaultConfigurationName = Release;
		};
		CE5B12B42D1F3C9100B780AA /* Build configuration list for PBXNativeTarget "How Big?Tests" */ = {
			isa = XCConfigurationList;
			buildConfigurations = (
				CE5B12B52D1F3C9100B780AA /* Debug */,
				CE5B12B62D1F3C9100B780AA /* Release */,
			);
			defaultConfigurationIsVisible = 0;
			defaultConfigurationName = Release;
		};
		CE5B12B72D1F3C9100B780AA /* Build configuration list for PBXNativeTarget "How Big?UITests" */ = {
			isa = XCConfigurationList;
			buildConfigurations = (
				CE5B12B82D1F3C9100B780AA /* Debug */,
				CE5B12B92D1F3C9100B780AA /* Release */,
			);
			defaultConfigurationIsVisible = 0;
			defaultConfigurationName = Release;
		};
/* End XCConfigurationList section */
	};
	rootObject = CE5B12852D1F3C8F00B780AA /* Project object */;
}
